
Microsoft Visual Studio Solution File, Format Version 12.00
# Visual Studio Version 16
VisualStudioVersion = 16.0.31624.102
MinimumVisualStudioVersion = 10.0.40219.1
Project("{FAE04EC0-301F-11D3-BF4B-00C04F79EFBC}") = "Урок 45", "Урок 45\Урок 45.csproj", "{44540E2F-D371-493A-8D9F-CD7523FA0256}"
EndProject
Global
	GlobalSection(SolutionConfigurationPlatforms) = preSolution
		Debug|Any CPU = Debug|Any CPU
		Release|Any CPU = Release|Any CPU
	EndGlobalSection
	GlobalSection(ProjectConfigurationPlatforms) = postSolution
		{44540E2F-D371-493A-8D9F-CD7523FA0256}.Debug|Any CPU.ActiveCfg = Debug|Any CPU
		{44540E2F-D371-493A-8D9F-CD7523FA0256}.Debug|Any CPU.Build.0 = Debug|Any CPU
		{44540E2F-D371-493A-8D9F-CD7523FA0256}.Release|Any CPU.ActiveCfg = Release|Any CPU
		{44540E2F-D371-493A-8D9F-CD7523FA0256}.Release|Any CPU.Build.0 = Release|Any CPU
	EndGlobalSection
	GlobalSection(SolutionProperties) = preSolution
		HideSolutionNode = FALSE
	EndGlobalSection
	GlobalSection(ExtensibilityGlobals) = postSolution
		SolutionGuid = {571099EF-72E7-4196-A7F2-4FE5D395D438}
	EndGlobalSection
EndGlobal
