
Microsoft Visual Studio Solution File, Format Version 12.00
# Visual Studio Version 16
VisualStudioVersion = 16.0.31624.102
MinimumVisualStudioVersion = 10.0.40219.1
Project("{FAE04EC0-301F-11D3-BF4B-00C04F79EFBC}") = "Задание 4", "Задание 4\Задание 4.csproj", "{1553BE39-74B0-45EF-8412-68066419A7D8}"
EndProject
Global
	GlobalSection(SolutionConfigurationPlatforms) = preSolution
		Debug|Any CPU = Debug|Any CPU
		Release|Any CPU = Release|Any CPU
	EndGlobalSection
	GlobalSection(ProjectConfigurationPlatforms) = postSolution
		{1553BE39-74B0-45EF-8412-68066419A7D8}.Debug|Any CPU.ActiveCfg = Debug|Any CPU
		{1553BE39-74B0-45EF-8412-68066419A7D8}.Debug|Any CPU.Build.0 = Debug|Any CPU
		{1553BE39-74B0-45EF-8412-68066419A7D8}.Release|Any CPU.ActiveCfg = Release|Any CPU
		{1553BE39-74B0-45EF-8412-68066419A7D8}.Release|Any CPU.Build.0 = Release|Any CPU
	EndGlobalSection
	GlobalSection(SolutionProperties) = preSolution
		HideSolutionNode = FALSE
	EndGlobalSection
	GlobalSection(ExtensibilityGlobals) = postSolution
		SolutionGuid = {B173188D-0918-4C40-98E7-6EC31530E91A}
	EndGlobalSection
EndGlobal
