
Microsoft Visual Studio Solution File, Format Version 12.00
# Visual Studio Version 16
VisualStudioVersion = 16.0.31624.102
MinimumVisualStudioVersion = 10.0.40219.1
Project("{FAE04EC0-301F-11D3-BF4B-00C04F79EFBC}") = "пРЕЗЕНТАЦИЯ  2", "пРЕЗЕНТАЦИЯ  2\пРЕЗЕНТАЦИЯ  2.csproj", "{D430DED5-8367-4CC8-AF54-5806B82960EF}"
EndProject
Project("{FAE04EC0-301F-11D3-BF4B-00C04F79EFBC}") = "2", "2\2.csproj", "{EC52664A-1E9E-400E-93FA-ED784B7EA7A2}"
EndProject
Project("{FAE04EC0-301F-11D3-BF4B-00C04F79EFBC}") = "3", "3\3.csproj", "{CBEFCAC9-5A29-453E-8739-EF2CC19CA42F}"
EndProject
Global
	GlobalSection(SolutionConfigurationPlatforms) = preSolution
		Debug|Any CPU = Debug|Any CPU
		Release|Any CPU = Release|Any CPU
	EndGlobalSection
	GlobalSection(ProjectConfigurationPlatforms) = postSolution
		{D430DED5-8367-4CC8-AF54-5806B82960EF}.Debug|Any CPU.ActiveCfg = Debug|Any CPU
		{D430DED5-8367-4CC8-AF54-5806B82960EF}.Debug|Any CPU.Build.0 = Debug|Any CPU
		{D430DED5-8367-4CC8-AF54-5806B82960EF}.Release|Any CPU.ActiveCfg = Release|Any CPU
		{D430DED5-8367-4CC8-AF54-5806B82960EF}.Release|Any CPU.Build.0 = Release|Any CPU
		{EC52664A-1E9E-400E-93FA-ED784B7EA7A2}.Debug|Any CPU.ActiveCfg = Debug|Any CPU
		{EC52664A-1E9E-400E-93FA-ED784B7EA7A2}.Debug|Any CPU.Build.0 = Debug|Any CPU
		{EC52664A-1E9E-400E-93FA-ED784B7EA7A2}.Release|Any CPU.ActiveCfg = Release|Any CPU
		{EC52664A-1E9E-400E-93FA-ED784B7EA7A2}.Release|Any CPU.Build.0 = Release|Any CPU
		{CBEFCAC9-5A29-453E-8739-EF2CC19CA42F}.Debug|Any CPU.ActiveCfg = Debug|Any CPU
		{CBEFCAC9-5A29-453E-8739-EF2CC19CA42F}.Debug|Any CPU.Build.0 = Debug|Any CPU
		{CBEFCAC9-5A29-453E-8739-EF2CC19CA42F}.Release|Any CPU.ActiveCfg = Release|Any CPU
		{CBEFCAC9-5A29-453E-8739-EF2CC19CA42F}.Release|Any CPU.Build.0 = Release|Any CPU
	EndGlobalSection
	GlobalSection(SolutionProperties) = preSolution
		HideSolutionNode = FALSE
	EndGlobalSection
	GlobalSection(ExtensibilityGlobals) = postSolution
		SolutionGuid = {895A7E9D-DC3D-4263-9523-BBBFB4854BEE}
	EndGlobalSection
EndGlobal
