
Microsoft Visual Studio Solution File, Format Version 12.00
# Visual Studio Version 16
VisualStudioVersion = 16.0.31624.102
MinimumVisualStudioVersion = 10.0.40219.1
Project("{FAE04EC0-301F-11D3-BF4B-00C04F79EFBC}") = "Калькулятор 2", "Калькулятор 2\Калькулятор 2.csproj", "{43AED3CB-1A08-408F-BFF9-D01310E8C41A}"
EndProject
Project("{FAE04EC0-301F-11D3-BF4B-00C04F79EFBC}") = "Калькулятор 2.0 с if", "Калькулятор 2.0 с if\Калькулятор 2.0 с if.csproj", "{55D32DDF-F11B-4517-80E4-3D2ECC698635}"
EndProject
Global
	GlobalSection(SolutionConfigurationPlatforms) = preSolution
		Debug|Any CPU = Debug|Any CPU
		Release|Any CPU = Release|Any CPU
	EndGlobalSection
	GlobalSection(ProjectConfigurationPlatforms) = postSolution
		{43AED3CB-1A08-408F-BFF9-D01310E8C41A}.Debug|Any CPU.ActiveCfg = Debug|Any CPU
		{43AED3CB-1A08-408F-BFF9-D01310E8C41A}.Debug|Any CPU.Build.0 = Debug|Any CPU
		{43AED3CB-1A08-408F-BFF9-D01310E8C41A}.Release|Any CPU.ActiveCfg = Release|Any CPU
		{43AED3CB-1A08-408F-BFF9-D01310E8C41A}.Release|Any CPU.Build.0 = Release|Any CPU
		{55D32DDF-F11B-4517-80E4-3D2ECC698635}.Debug|Any CPU.ActiveCfg = Debug|Any CPU
		{55D32DDF-F11B-4517-80E4-3D2ECC698635}.Debug|Any CPU.Build.0 = Debug|Any CPU
		{55D32DDF-F11B-4517-80E4-3D2ECC698635}.Release|Any CPU.ActiveCfg = Release|Any CPU
		{55D32DDF-F11B-4517-80E4-3D2ECC698635}.Release|Any CPU.Build.0 = Release|Any CPU
	EndGlobalSection
	GlobalSection(SolutionProperties) = preSolution
		HideSolutionNode = FALSE
	EndGlobalSection
	GlobalSection(ExtensibilityGlobals) = postSolution
		SolutionGuid = {51A24ADE-7A1F-4848-9658-4D7733A48E45}
	EndGlobalSection
EndGlobal
