
Microsoft Visual Studio Solution File, Format Version 12.00
# Visual Studio Version 16
VisualStudioVersion = 16.0.31624.102
MinimumVisualStudioVersion = 10.0.40219.1
Project("{FAE04EC0-301F-11D3-BF4B-00C04F79EFBC}") = "Урок 38", "Урок 38\Урок 38.csproj", "{DFE24B36-A005-4C2C-B09A-30594F82AB69}"
EndProject
Global
	GlobalSection(SolutionConfigurationPlatforms) = preSolution
		Debug|Any CPU = Debug|Any CPU
		Release|Any CPU = Release|Any CPU
	EndGlobalSection
	GlobalSection(ProjectConfigurationPlatforms) = postSolution
		{DFE24B36-A005-4C2C-B09A-30594F82AB69}.Debug|Any CPU.ActiveCfg = Debug|Any CPU
		{DFE24B36-A005-4C2C-B09A-30594F82AB69}.Debug|Any CPU.Build.0 = Debug|Any CPU
		{DFE24B36-A005-4C2C-B09A-30594F82AB69}.Release|Any CPU.ActiveCfg = Release|Any CPU
		{DFE24B36-A005-4C2C-B09A-30594F82AB69}.Release|Any CPU.Build.0 = Release|Any CPU
	EndGlobalSection
	GlobalSection(SolutionProperties) = preSolution
		HideSolutionNode = FALSE
	EndGlobalSection
	GlobalSection(ExtensibilityGlobals) = postSolution
		SolutionGuid = {FE05605A-10F1-405E-872D-71FA7A3C01A9}
	EndGlobalSection
EndGlobal
