
Microsoft Visual Studio Solution File, Format Version 12.00
# Visual Studio Version 16
VisualStudioVersion = 16.0.31624.102
MinimumVisualStudioVersion = 10.0.40219.1
Project("{FAE04EC0-301F-11D3-BF4B-00C04F79EFBC}") = "Урок 49", "Урок 49\Урок 49.csproj", "{71BE7D50-D249-4EF1-9EE7-7E23C1020396}"
EndProject
Global
	GlobalSection(SolutionConfigurationPlatforms) = preSolution
		Debug|Any CPU = Debug|Any CPU
		Release|Any CPU = Release|Any CPU
	EndGlobalSection
	GlobalSection(ProjectConfigurationPlatforms) = postSolution
		{71BE7D50-D249-4EF1-9EE7-7E23C1020396}.Debug|Any CPU.ActiveCfg = Debug|Any CPU
		{71BE7D50-D249-4EF1-9EE7-7E23C1020396}.Debug|Any CPU.Build.0 = Debug|Any CPU
		{71BE7D50-D249-4EF1-9EE7-7E23C1020396}.Release|Any CPU.ActiveCfg = Release|Any CPU
		{71BE7D50-D249-4EF1-9EE7-7E23C1020396}.Release|Any CPU.Build.0 = Release|Any CPU
	EndGlobalSection
	GlobalSection(SolutionProperties) = preSolution
		HideSolutionNode = FALSE
	EndGlobalSection
	GlobalSection(ExtensibilityGlobals) = postSolution
		SolutionGuid = {364552BE-CBE7-40E1-BB2A-D49A16CE82C7}
	EndGlobalSection
EndGlobal
