
Microsoft Visual Studio Solution File, Format Version 12.00
# Visual Studio Version 17
VisualStudioVersion = 17.8.34322.80
MinimumVisualStudioVersion = 10.0.40219.1
Project("{FAE04EC0-301F-11D3-BF4B-00C04F79EFBC}") = "NEW", "NEW\NEW.csproj", "{F64B9AB4-88DC-4B90-A7B0-2D886F269388}"
EndProject
Global
	GlobalSection(SolutionConfigurationPlatforms) = preSolution
		Debug|Any CPU = Debug|Any CPU
		Release|Any CPU = Release|Any CPU
	EndGlobalSection
	GlobalSection(ProjectConfigurationPlatforms) = postSolution
		{F64B9AB4-88DC-4B90-A7B0-2D886F269388}.Debug|Any CPU.ActiveCfg = Debug|Any CPU
		{F64B9AB4-88DC-4B90-A7B0-2D886F269388}.Debug|Any CPU.Build.0 = Debug|Any CPU
		{F64B9AB4-88DC-4B90-A7B0-2D886F269388}.Release|Any CPU.ActiveCfg = Release|Any CPU
		{F64B9AB4-88DC-4B90-A7B0-2D886F269388}.Release|Any CPU.Build.0 = Release|Any CPU
	EndGlobalSection
	GlobalSection(SolutionProperties) = preSolution
		HideSolutionNode = FALSE
	EndGlobalSection
	GlobalSection(ExtensibilityGlobals) = postSolution
		SolutionGuid = {5F048822-73C6-4723-91D8-2A06F0FCA43C}
	EndGlobalSection
EndGlobal
