
Microsoft Visual Studio Solution File, Format Version 12.00
# Visual Studio Version 16
VisualStudioVersion = 16.0.31624.102
MinimumVisualStudioVersion = 10.0.40219.1
Project("{FAE04EC0-301F-11D3-BF4B-00C04F79EFBC}") = "Урок 32", "Урок 32\Урок 32.csproj", "{245D18C9-74F7-4225-9D34-4E2552764EEC}"
EndProject
Project("{FAE04EC0-301F-11D3-BF4B-00C04F79EFBC}") = "Урок 31", "..\Урок 31\Урок 31\Урок 31.csproj", "{AEE0E40E-1A16-4FFC-BF94-142D99943C78}"
EndProject
Global
	GlobalSection(SolutionConfigurationPlatforms) = preSolution
		Debug|Any CPU = Debug|Any CPU
		Release|Any CPU = Release|Any CPU
	EndGlobalSection
	GlobalSection(ProjectConfigurationPlatforms) = postSolution
		{245D18C9-74F7-4225-9D34-4E2552764EEC}.Debug|Any CPU.ActiveCfg = Debug|Any CPU
		{245D18C9-74F7-4225-9D34-4E2552764EEC}.Debug|Any CPU.Build.0 = Debug|Any CPU
		{245D18C9-74F7-4225-9D34-4E2552764EEC}.Release|Any CPU.ActiveCfg = Release|Any CPU
		{245D18C9-74F7-4225-9D34-4E2552764EEC}.Release|Any CPU.Build.0 = Release|Any CPU
		{AEE0E40E-1A16-4FFC-BF94-142D99943C78}.Debug|Any CPU.ActiveCfg = Debug|Any CPU
		{AEE0E40E-1A16-4FFC-BF94-142D99943C78}.Debug|Any CPU.Build.0 = Debug|Any CPU
		{AEE0E40E-1A16-4FFC-BF94-142D99943C78}.Release|Any CPU.ActiveCfg = Release|Any CPU
		{AEE0E40E-1A16-4FFC-BF94-142D99943C78}.Release|Any CPU.Build.0 = Release|Any CPU
	EndGlobalSection
	GlobalSection(SolutionProperties) = preSolution
		HideSolutionNode = FALSE
	EndGlobalSection
	GlobalSection(ExtensibilityGlobals) = postSolution
		SolutionGuid = {A2C6DB38-3CC7-4BDE-9E5C-BF1218A24218}
	EndGlobalSection
EndGlobal
