
Microsoft Visual Studio Solution File, Format Version 12.00
# Visual Studio Version 16
VisualStudioVersion = 16.0.31624.102
MinimumVisualStudioVersion = 10.0.40219.1
Project("{FAE04EC0-301F-11D3-BF4B-00C04F79EFBC}") = "Урок 74", "Урок 74\Урок 74.csproj", "{522755C2-1FC4-40EC-A8FE-3970F04B651A}"
EndProject
Global
	GlobalSection(SolutionConfigurationPlatforms) = preSolution
		Debug|Any CPU = Debug|Any CPU
		Release|Any CPU = Release|Any CPU
	EndGlobalSection
	GlobalSection(ProjectConfigurationPlatforms) = postSolution
		{522755C2-1FC4-40EC-A8FE-3970F04B651A}.Debug|Any CPU.ActiveCfg = Debug|Any CPU
		{522755C2-1FC4-40EC-A8FE-3970F04B651A}.Debug|Any CPU.Build.0 = Debug|Any CPU
		{522755C2-1FC4-40EC-A8FE-3970F04B651A}.Release|Any CPU.ActiveCfg = Release|Any CPU
		{522755C2-1FC4-40EC-A8FE-3970F04B651A}.Release|Any CPU.Build.0 = Release|Any CPU
	EndGlobalSection
	GlobalSection(SolutionProperties) = preSolution
		HideSolutionNode = FALSE
	EndGlobalSection
	GlobalSection(ExtensibilityGlobals) = postSolution
		SolutionGuid = {0947AB2B-886E-4598-A04F-080F82702A4B}
	EndGlobalSection
EndGlobal
