
Microsoft Visual Studio Solution File, Format Version 12.00
# Visual Studio Version 16
VisualStudioVersion = 16.0.31624.102
MinimumVisualStudioVersion = 10.0.40219.1
Project("{FAE04EC0-301F-11D3-BF4B-00C04F79EFBC}") = "Урок 61", "Урок 61\Урок 61.csproj", "{61AD9A18-CF60-43D2-9EE9-CC1E21DA3979}"
EndProject
Project("{FAE04EC0-301F-11D3-BF4B-00C04F79EFBC}") = "Урок 61.2", "Урок 61.2\Урок 61.2.csproj", "{F88C8F72-CB46-41B0-BC64-AE2858B0FB63}"
EndProject
Global
	GlobalSection(SolutionConfigurationPlatforms) = preSolution
		Debug|Any CPU = Debug|Any CPU
		Release|Any CPU = Release|Any CPU
	EndGlobalSection
	GlobalSection(ProjectConfigurationPlatforms) = postSolution
		{61AD9A18-CF60-43D2-9EE9-CC1E21DA3979}.Debug|Any CPU.ActiveCfg = Debug|Any CPU
		{61AD9A18-CF60-43D2-9EE9-CC1E21DA3979}.Debug|Any CPU.Build.0 = Debug|Any CPU
		{61AD9A18-CF60-43D2-9EE9-CC1E21DA3979}.Release|Any CPU.ActiveCfg = Release|Any CPU
		{61AD9A18-CF60-43D2-9EE9-CC1E21DA3979}.Release|Any CPU.Build.0 = Release|Any CPU
		{F88C8F72-CB46-41B0-BC64-AE2858B0FB63}.Debug|Any CPU.ActiveCfg = Debug|Any CPU
		{F88C8F72-CB46-41B0-BC64-AE2858B0FB63}.Debug|Any CPU.Build.0 = Debug|Any CPU
		{F88C8F72-CB46-41B0-BC64-AE2858B0FB63}.Release|Any CPU.ActiveCfg = Release|Any CPU
		{F88C8F72-CB46-41B0-BC64-AE2858B0FB63}.Release|Any CPU.Build.0 = Release|Any CPU
	EndGlobalSection
	GlobalSection(SolutionProperties) = preSolution
		HideSolutionNode = FALSE
	EndGlobalSection
	GlobalSection(ExtensibilityGlobals) = postSolution
		SolutionGuid = {2A7802A3-B2B5-4F2D-8B11-505196486E94}
	EndGlobalSection
EndGlobal
