
Microsoft Visual Studio Solution File, Format Version 12.00
# Visual Studio Version 16
VisualStudioVersion = 16.0.31624.102
MinimumVisualStudioVersion = 10.0.40219.1
Project("{FAE04EC0-301F-11D3-BF4B-00C04F79EFBC}") = "Урок 44", "Урок 44\Урок 44.csproj", "{5FD414A8-FD42-4C65-99A1-20F90F62ACBD}"
EndProject
Global
	GlobalSection(SolutionConfigurationPlatforms) = preSolution
		Debug|Any CPU = Debug|Any CPU
		Release|Any CPU = Release|Any CPU
	EndGlobalSection
	GlobalSection(ProjectConfigurationPlatforms) = postSolution
		{5FD414A8-FD42-4C65-99A1-20F90F62ACBD}.Debug|Any CPU.ActiveCfg = Debug|Any CPU
		{5FD414A8-FD42-4C65-99A1-20F90F62ACBD}.Debug|Any CPU.Build.0 = Debug|Any CPU
		{5FD414A8-FD42-4C65-99A1-20F90F62ACBD}.Release|Any CPU.ActiveCfg = Release|Any CPU
		{5FD414A8-FD42-4C65-99A1-20F90F62ACBD}.Release|Any CPU.Build.0 = Release|Any CPU
	EndGlobalSection
	GlobalSection(SolutionProperties) = preSolution
		HideSolutionNode = FALSE
	EndGlobalSection
	GlobalSection(ExtensibilityGlobals) = postSolution
		SolutionGuid = {8C5F9EF6-3E38-492E-976D-4CE2FB5F3FAA}
	EndGlobalSection
EndGlobal
