
Microsoft Visual Studio Solution File, Format Version 12.00
# Visual Studio Version 16
VisualStudioVersion = 16.0.31624.102
MinimumVisualStudioVersion = 10.0.40219.1
Project("{FAE04EC0-301F-11D3-BF4B-00C04F79EFBC}") = "Урок 62", "Урок 62\Урок 62.csproj", "{0FF95CEC-00D3-4404-A59C-E87C489C42CF}"
EndProject
Project("{FAE04EC0-301F-11D3-BF4B-00C04F79EFBC}") = "Урок 62.2", "Урок 62.2\Урок 62.2.csproj", "{B26ADC8D-187A-474A-B7AC-A8ED444DCF49}"
EndProject
Global
	GlobalSection(SolutionConfigurationPlatforms) = preSolution
		Debug|Any CPU = Debug|Any CPU
		Release|Any CPU = Release|Any CPU
	EndGlobalSection
	GlobalSection(ProjectConfigurationPlatforms) = postSolution
		{0FF95CEC-00D3-4404-A59C-E87C489C42CF}.Debug|Any CPU.ActiveCfg = Debug|Any CPU
		{0FF95CEC-00D3-4404-A59C-E87C489C42CF}.Debug|Any CPU.Build.0 = Debug|Any CPU
		{0FF95CEC-00D3-4404-A59C-E87C489C42CF}.Release|Any CPU.ActiveCfg = Release|Any CPU
		{0FF95CEC-00D3-4404-A59C-E87C489C42CF}.Release|Any CPU.Build.0 = Release|Any CPU
		{B26ADC8D-187A-474A-B7AC-A8ED444DCF49}.Debug|Any CPU.ActiveCfg = Debug|Any CPU
		{B26ADC8D-187A-474A-B7AC-A8ED444DCF49}.Debug|Any CPU.Build.0 = Debug|Any CPU
		{B26ADC8D-187A-474A-B7AC-A8ED444DCF49}.Release|Any CPU.ActiveCfg = Release|Any CPU
		{B26ADC8D-187A-474A-B7AC-A8ED444DCF49}.Release|Any CPU.Build.0 = Release|Any CPU
	EndGlobalSection
	GlobalSection(SolutionProperties) = preSolution
		HideSolutionNode = FALSE
	EndGlobalSection
	GlobalSection(ExtensibilityGlobals) = postSolution
		SolutionGuid = {A0344A07-FAD8-469A-A70B-59377A983995}
	EndGlobalSection
EndGlobal
