
Microsoft Visual Studio Solution File, Format Version 12.00
# Visual Studio Version 16
VisualStudioVersion = 16.0.31624.102
MinimumVisualStudioVersion = 10.0.40219.1
Project("{FAE04EC0-301F-11D3-BF4B-00C04F79EFBC}") = "ДЗ 2", "ДЗ 2\ДЗ 2.csproj", "{6E5796C5-4B10-4563-A915-A6EAF102A6FC}"
EndProject
Global
	GlobalSection(SolutionConfigurationPlatforms) = preSolution
		Debug|Any CPU = Debug|Any CPU
		Release|Any CPU = Release|Any CPU
	EndGlobalSection
	GlobalSection(ProjectConfigurationPlatforms) = postSolution
		{6E5796C5-4B10-4563-A915-A6EAF102A6FC}.Debug|Any CPU.ActiveCfg = Debug|Any CPU
		{6E5796C5-4B10-4563-A915-A6EAF102A6FC}.Debug|Any CPU.Build.0 = Debug|Any CPU
		{6E5796C5-4B10-4563-A915-A6EAF102A6FC}.Release|Any CPU.ActiveCfg = Release|Any CPU
		{6E5796C5-4B10-4563-A915-A6EAF102A6FC}.Release|Any CPU.Build.0 = Release|Any CPU
	EndGlobalSection
	GlobalSection(SolutionProperties) = preSolution
		HideSolutionNode = FALSE
	EndGlobalSection
	GlobalSection(ExtensibilityGlobals) = postSolution
		SolutionGuid = {93D7F4CA-5DA6-4330-8627-BE8859BF1562}
	EndGlobalSection
EndGlobal
