
Microsoft Visual Studio Solution File, Format Version 12.00
# Visual Studio Version 16
VisualStudioVersion = 16.0.31624.102
MinimumVisualStudioVersion = 10.0.40219.1
Project("{FAE04EC0-301F-11D3-BF4B-00C04F79EFBC}") = "Урок 46", "Урок 46\Урок 46.csproj", "{8F676948-8862-4B1B-BC90-C7DFC19D0A57}"
EndProject
Project("{FAE04EC0-301F-11D3-BF4B-00C04F79EFBC}") = "Урок 46.2", "Урок 46.2\Урок 46.2.csproj", "{479640AC-0F03-460A-8A61-EACE5FA12255}"
EndProject
Global
	GlobalSection(SolutionConfigurationPlatforms) = preSolution
		Debug|Any CPU = Debug|Any CPU
		Release|Any CPU = Release|Any CPU
	EndGlobalSection
	GlobalSection(ProjectConfigurationPlatforms) = postSolution
		{8F676948-8862-4B1B-BC90-C7DFC19D0A57}.Debug|Any CPU.ActiveCfg = Debug|Any CPU
		{8F676948-8862-4B1B-BC90-C7DFC19D0A57}.Debug|Any CPU.Build.0 = Debug|Any CPU
		{8F676948-8862-4B1B-BC90-C7DFC19D0A57}.Release|Any CPU.ActiveCfg = Release|Any CPU
		{8F676948-8862-4B1B-BC90-C7DFC19D0A57}.Release|Any CPU.Build.0 = Release|Any CPU
		{479640AC-0F03-460A-8A61-EACE5FA12255}.Debug|Any CPU.ActiveCfg = Debug|Any CPU
		{479640AC-0F03-460A-8A61-EACE5FA12255}.Debug|Any CPU.Build.0 = Debug|Any CPU
		{479640AC-0F03-460A-8A61-EACE5FA12255}.Release|Any CPU.ActiveCfg = Release|Any CPU
		{479640AC-0F03-460A-8A61-EACE5FA12255}.Release|Any CPU.Build.0 = Release|Any CPU
	EndGlobalSection
	GlobalSection(SolutionProperties) = preSolution
		HideSolutionNode = FALSE
	EndGlobalSection
	GlobalSection(ExtensibilityGlobals) = postSolution
		SolutionGuid = {D4D823DC-581C-44AF-9317-3111E35CCA26}
	EndGlobalSection
EndGlobal
