
Microsoft Visual Studio Solution File, Format Version 12.00
# Visual Studio Version 16
VisualStudioVersion = 16.0.31624.102
MinimumVisualStudioVersion = 10.0.40219.1
Project("{FAE04EC0-301F-11D3-BF4B-00C04F79EFBC}") = "DopLaba1", "DopLaba1\DopLaba1.csproj", "{9BAEF0D8-D512-4A87-8801-2E6A37F8F9F9}"
EndProject
Global
	GlobalSection(SolutionConfigurationPlatforms) = preSolution
		Debug|Any CPU = Debug|Any CPU
		Release|Any CPU = Release|Any CPU
	EndGlobalSection
	GlobalSection(ProjectConfigurationPlatforms) = postSolution
		{9BAEF0D8-D512-4A87-8801-2E6A37F8F9F9}.Debug|Any CPU.ActiveCfg = Debug|Any CPU
		{9BAEF0D8-D512-4A87-8801-2E6A37F8F9F9}.Debug|Any CPU.Build.0 = Debug|Any CPU
		{9BAEF0D8-D512-4A87-8801-2E6A37F8F9F9}.Release|Any CPU.ActiveCfg = Release|Any CPU
		{9BAEF0D8-D512-4A87-8801-2E6A37F8F9F9}.Release|Any CPU.Build.0 = Release|Any CPU
	EndGlobalSection
	GlobalSection(SolutionProperties) = preSolution
		HideSolutionNode = FALSE
	EndGlobalSection
	GlobalSection(ExtensibilityGlobals) = postSolution
		SolutionGuid = {42C3B474-5267-4681-9509-28DDDA382CD4}
	EndGlobalSection
EndGlobal
