
Microsoft Visual Studio Solution File, Format Version 12.00
# Visual Studio Version 16
VisualStudioVersion = 16.0.31624.102
MinimumVisualStudioVersion = 10.0.40219.1
Project("{FAE04EC0-301F-11D3-BF4B-00C04F79EFBC}") = "Урок 2", "Урок 2\Урок 2.csproj", "{FC8443C8-F998-4D1A-9162-131D71F6313E}"
EndProject
Global
	GlobalSection(SolutionConfigurationPlatforms) = preSolution
		Debug|Any CPU = Debug|Any CPU
		Release|Any CPU = Release|Any CPU
	EndGlobalSection
	GlobalSection(ProjectConfigurationPlatforms) = postSolution
		{FC8443C8-F998-4D1A-9162-131D71F6313E}.Debug|Any CPU.ActiveCfg = Debug|Any CPU
		{FC8443C8-F998-4D1A-9162-131D71F6313E}.Debug|Any CPU.Build.0 = Debug|Any CPU
		{FC8443C8-F998-4D1A-9162-131D71F6313E}.Release|Any CPU.ActiveCfg = Release|Any CPU
		{FC8443C8-F998-4D1A-9162-131D71F6313E}.Release|Any CPU.Build.0 = Release|Any CPU
	EndGlobalSection
	GlobalSection(SolutionProperties) = preSolution
		HideSolutionNode = FALSE
	EndGlobalSection
	GlobalSection(ExtensibilityGlobals) = postSolution
		SolutionGuid = {A2FDDF74-1019-4D44-B673-A10D0D490EC4}
	EndGlobalSection
EndGlobal
