
Microsoft Visual Studio Solution File, Format Version 12.00
# Visual Studio Version 16
VisualStudioVersion = 16.0.31624.102
MinimumVisualStudioVersion = 10.0.40219.1
Project("{FAE04EC0-301F-11D3-BF4B-00C04F79EFBC}") = "Урок 33", "Урок 33\Урок 33.csproj", "{2AB150B8-EF91-4675-900F-5CEC3CC0D294}"
EndProject
Project("{FAE04EC0-301F-11D3-BF4B-00C04F79EFBC}") = "Урок 33.2", "Урок 33.2\Урок 33.2.csproj", "{20F1B41D-C6EA-4784-927C-9B3BDED0D971}"
EndProject
Project("{FAE04EC0-301F-11D3-BF4B-00C04F79EFBC}") = "Урок 33.3", "Урок 33.3\Урок 33.3.csproj", "{D692C71B-5E24-46AA-A9B1-2E650E51B4AB}"
EndProject
Project("{FAE04EC0-301F-11D3-BF4B-00C04F79EFBC}") = "Урок 34", "..\Урок 34\Урок 34.csproj", "{6A94A741-19ED-443C-89BE-4614DF5AE83A}"
EndProject
Global
	GlobalSection(SolutionConfigurationPlatforms) = preSolution
		Debug|Any CPU = Debug|Any CPU
		Release|Any CPU = Release|Any CPU
	EndGlobalSection
	GlobalSection(ProjectConfigurationPlatforms) = postSolution
		{2AB150B8-EF91-4675-900F-5CEC3CC0D294}.Debug|Any CPU.ActiveCfg = Debug|Any CPU
		{2AB150B8-EF91-4675-900F-5CEC3CC0D294}.Debug|Any CPU.Build.0 = Debug|Any CPU
		{2AB150B8-EF91-4675-900F-5CEC3CC0D294}.Release|Any CPU.ActiveCfg = Release|Any CPU
		{2AB150B8-EF91-4675-900F-5CEC3CC0D294}.Release|Any CPU.Build.0 = Release|Any CPU
		{20F1B41D-C6EA-4784-927C-9B3BDED0D971}.Debug|Any CPU.ActiveCfg = Debug|Any CPU
		{20F1B41D-C6EA-4784-927C-9B3BDED0D971}.Debug|Any CPU.Build.0 = Debug|Any CPU
		{20F1B41D-C6EA-4784-927C-9B3BDED0D971}.Release|Any CPU.ActiveCfg = Release|Any CPU
		{20F1B41D-C6EA-4784-927C-9B3BDED0D971}.Release|Any CPU.Build.0 = Release|Any CPU
		{D692C71B-5E24-46AA-A9B1-2E650E51B4AB}.Debug|Any CPU.ActiveCfg = Debug|Any CPU
		{D692C71B-5E24-46AA-A9B1-2E650E51B4AB}.Debug|Any CPU.Build.0 = Debug|Any CPU
		{D692C71B-5E24-46AA-A9B1-2E650E51B4AB}.Release|Any CPU.ActiveCfg = Release|Any CPU
		{D692C71B-5E24-46AA-A9B1-2E650E51B4AB}.Release|Any CPU.Build.0 = Release|Any CPU
		{6A94A741-19ED-443C-89BE-4614DF5AE83A}.Debug|Any CPU.ActiveCfg = Debug|Any CPU
		{6A94A741-19ED-443C-89BE-4614DF5AE83A}.Debug|Any CPU.Build.0 = Debug|Any CPU
		{6A94A741-19ED-443C-89BE-4614DF5AE83A}.Release|Any CPU.ActiveCfg = Release|Any CPU
		{6A94A741-19ED-443C-89BE-4614DF5AE83A}.Release|Any CPU.Build.0 = Release|Any CPU
	EndGlobalSection
	GlobalSection(SolutionProperties) = preSolution
		HideSolutionNode = FALSE
	EndGlobalSection
	GlobalSection(ExtensibilityGlobals) = postSolution
		SolutionGuid = {6ED9E7C7-ECCB-4AE8-AA1D-F5F992D174E7}
	EndGlobalSection
EndGlobal
