
Microsoft Visual Studio Solution File, Format Version 12.00
# Visual Studio Version 16
VisualStudioVersion = 16.0.31624.102
MinimumVisualStudioVersion = 10.0.40219.1
Project("{FAE04EC0-301F-11D3-BF4B-00C04F79EFBC}") = "Урок 69", "Урок 69\Урок 69.csproj", "{B4D2ECDD-402C-4A4E-AAB4-44604A742AA6}"
EndProject
Global
	GlobalSection(SolutionConfigurationPlatforms) = preSolution
		Debug|Any CPU = Debug|Any CPU
		Release|Any CPU = Release|Any CPU
	EndGlobalSection
	GlobalSection(ProjectConfigurationPlatforms) = postSolution
		{B4D2ECDD-402C-4A4E-AAB4-44604A742AA6}.Debug|Any CPU.ActiveCfg = Debug|Any CPU
		{B4D2ECDD-402C-4A4E-AAB4-44604A742AA6}.Debug|Any CPU.Build.0 = Debug|Any CPU
		{B4D2ECDD-402C-4A4E-AAB4-44604A742AA6}.Release|Any CPU.ActiveCfg = Release|Any CPU
		{B4D2ECDD-402C-4A4E-AAB4-44604A742AA6}.Release|Any CPU.Build.0 = Release|Any CPU
	EndGlobalSection
	GlobalSection(SolutionProperties) = preSolution
		HideSolutionNode = FALSE
	EndGlobalSection
	GlobalSection(ExtensibilityGlobals) = postSolution
		SolutionGuid = {147442FA-9708-443C-96D7-5C995D36B4EA}
	EndGlobalSection
EndGlobal
