
Microsoft Visual Studio Solution File, Format Version 12.00
# Visual Studio Version 16
VisualStudioVersion = 16.0.31624.102
MinimumVisualStudioVersion = 10.0.40219.1
Project("{FAE04EC0-301F-11D3-BF4B-00C04F79EFBC}") = "Задание 5", "Задание 5\Задание 5.csproj", "{021BBC0F-E74D-4C3F-8BD5-232E92E3D741}"
EndProject
Project("{FAE04EC0-301F-11D3-BF4B-00C04F79EFBC}") = "Задание 2.2", "Задание 2.2\Задание 2.2.csproj", "{65D41CEF-3FC0-4AE6-BD66-5578114E56A3}"
EndProject
Global
	GlobalSection(SolutionConfigurationPlatforms) = preSolution
		Debug|Any CPU = Debug|Any CPU
		Release|Any CPU = Release|Any CPU
	EndGlobalSection
	GlobalSection(ProjectConfigurationPlatforms) = postSolution
		{021BBC0F-E74D-4C3F-8BD5-232E92E3D741}.Debug|Any CPU.ActiveCfg = Debug|Any CPU
		{021BBC0F-E74D-4C3F-8BD5-232E92E3D741}.Debug|Any CPU.Build.0 = Debug|Any CPU
		{021BBC0F-E74D-4C3F-8BD5-232E92E3D741}.Release|Any CPU.ActiveCfg = Release|Any CPU
		{021BBC0F-E74D-4C3F-8BD5-232E92E3D741}.Release|Any CPU.Build.0 = Release|Any CPU
		{65D41CEF-3FC0-4AE6-BD66-5578114E56A3}.Debug|Any CPU.ActiveCfg = Debug|Any CPU
		{65D41CEF-3FC0-4AE6-BD66-5578114E56A3}.Debug|Any CPU.Build.0 = Debug|Any CPU
		{65D41CEF-3FC0-4AE6-BD66-5578114E56A3}.Release|Any CPU.ActiveCfg = Release|Any CPU
		{65D41CEF-3FC0-4AE6-BD66-5578114E56A3}.Release|Any CPU.Build.0 = Release|Any CPU
	EndGlobalSection
	GlobalSection(SolutionProperties) = preSolution
		HideSolutionNode = FALSE
	EndGlobalSection
	GlobalSection(ExtensibilityGlobals) = postSolution
		SolutionGuid = {254E0F4E-C407-4BA8-86D0-40EE94155892}
	EndGlobalSection
EndGlobal
