
Microsoft Visual Studio Solution File, Format Version 12.00
# Visual Studio Version 16
VisualStudioVersion = 16.0.31624.102
MinimumVisualStudioVersion = 10.0.40219.1
Project("{FAE04EC0-301F-11D3-BF4B-00C04F79EFBC}") = "Урок 76", "Урок 76\Урок 76.csproj", "{676961E7-F8FD-4868-9EC5-A47338BA244D}"
EndProject
Global
	GlobalSection(SolutionConfigurationPlatforms) = preSolution
		Debug|Any CPU = Debug|Any CPU
		Release|Any CPU = Release|Any CPU
	EndGlobalSection
	GlobalSection(ProjectConfigurationPlatforms) = postSolution
		{676961E7-F8FD-4868-9EC5-A47338BA244D}.Debug|Any CPU.ActiveCfg = Debug|Any CPU
		{676961E7-F8FD-4868-9EC5-A47338BA244D}.Debug|Any CPU.Build.0 = Debug|Any CPU
		{676961E7-F8FD-4868-9EC5-A47338BA244D}.Release|Any CPU.ActiveCfg = Release|Any CPU
		{676961E7-F8FD-4868-9EC5-A47338BA244D}.Release|Any CPU.Build.0 = Release|Any CPU
	EndGlobalSection
	GlobalSection(SolutionProperties) = preSolution
		HideSolutionNode = FALSE
	EndGlobalSection
	GlobalSection(ExtensibilityGlobals) = postSolution
		SolutionGuid = {A708513D-6156-418F-9D79-45020921BB5D}
	EndGlobalSection
EndGlobal
