
Microsoft Visual Studio Solution File, Format Version 12.00
# Visual Studio Version 16
VisualStudioVersion = 16.0.31624.102
MinimumVisualStudioVersion = 10.0.40219.1
Project("{FAE04EC0-301F-11D3-BF4B-00C04F79EFBC}") = "Урок 47", "Урок 47\Урок 47.csproj", "{C9C53BA6-0962-4374-85D6-121A5D847DB9}"
EndProject
Global
	GlobalSection(SolutionConfigurationPlatforms) = preSolution
		Debug|Any CPU = Debug|Any CPU
		Release|Any CPU = Release|Any CPU
	EndGlobalSection
	GlobalSection(ProjectConfigurationPlatforms) = postSolution
		{C9C53BA6-0962-4374-85D6-121A5D847DB9}.Debug|Any CPU.ActiveCfg = Debug|Any CPU
		{C9C53BA6-0962-4374-85D6-121A5D847DB9}.Debug|Any CPU.Build.0 = Debug|Any CPU
		{C9C53BA6-0962-4374-85D6-121A5D847DB9}.Release|Any CPU.ActiveCfg = Release|Any CPU
		{C9C53BA6-0962-4374-85D6-121A5D847DB9}.Release|Any CPU.Build.0 = Release|Any CPU
	EndGlobalSection
	GlobalSection(SolutionProperties) = preSolution
		HideSolutionNode = FALSE
	EndGlobalSection
	GlobalSection(ExtensibilityGlobals) = postSolution
		SolutionGuid = {7CEA77C3-706C-42E0-B6B3-D404D3A77CFF}
	EndGlobalSection
EndGlobal
