
Microsoft Visual Studio Solution File, Format Version 12.00
# Visual Studio Version 16
VisualStudioVersion = 16.0.31624.102
MinimumVisualStudioVersion = 10.0.40219.1
Project("{FAE04EC0-301F-11D3-BF4B-00C04F79EFBC}") = "Урок 4", "Урок 4\Урок 4.csproj", "{BBAA73DF-0A48-4749-87DD-24D919E1E0B7}"
EndProject
Global
	GlobalSection(SolutionConfigurationPlatforms) = preSolution
		Debug|Any CPU = Debug|Any CPU
		Release|Any CPU = Release|Any CPU
	EndGlobalSection
	GlobalSection(ProjectConfigurationPlatforms) = postSolution
		{BBAA73DF-0A48-4749-87DD-24D919E1E0B7}.Debug|Any CPU.ActiveCfg = Debug|Any CPU
		{BBAA73DF-0A48-4749-87DD-24D919E1E0B7}.Debug|Any CPU.Build.0 = Debug|Any CPU
		{BBAA73DF-0A48-4749-87DD-24D919E1E0B7}.Release|Any CPU.ActiveCfg = Release|Any CPU
		{BBAA73DF-0A48-4749-87DD-24D919E1E0B7}.Release|Any CPU.Build.0 = Release|Any CPU
	EndGlobalSection
	GlobalSection(SolutionProperties) = preSolution
		HideSolutionNode = FALSE
	EndGlobalSection
	GlobalSection(ExtensibilityGlobals) = postSolution
		SolutionGuid = {388C2F93-362C-487D-836E-D7A8152B76BD}
	EndGlobalSection
EndGlobal
