
Microsoft Visual Studio Solution File, Format Version 12.00
# Visual Studio Version 16
VisualStudioVersion = 16.0.31624.102
MinimumVisualStudioVersion = 10.0.40219.1
Project("{FAE04EC0-301F-11D3-BF4B-00C04F79EFBC}") = "Урок 41", "Урок 41\Урок 41.csproj", "{B643AF6E-E2D2-43E0-8C00-4ED224B770D1}"
EndProject
Global
	GlobalSection(SolutionConfigurationPlatforms) = preSolution
		Debug|Any CPU = Debug|Any CPU
		Release|Any CPU = Release|Any CPU
	EndGlobalSection
	GlobalSection(ProjectConfigurationPlatforms) = postSolution
		{B643AF6E-E2D2-43E0-8C00-4ED224B770D1}.Debug|Any CPU.ActiveCfg = Debug|Any CPU
		{B643AF6E-E2D2-43E0-8C00-4ED224B770D1}.Debug|Any CPU.Build.0 = Debug|Any CPU
		{B643AF6E-E2D2-43E0-8C00-4ED224B770D1}.Release|Any CPU.ActiveCfg = Release|Any CPU
		{B643AF6E-E2D2-43E0-8C00-4ED224B770D1}.Release|Any CPU.Build.0 = Release|Any CPU
	EndGlobalSection
	GlobalSection(SolutionProperties) = preSolution
		HideSolutionNode = FALSE
	EndGlobalSection
	GlobalSection(ExtensibilityGlobals) = postSolution
		SolutionGuid = {6A21EBAA-8957-4086-AD74-55F515E9D19E}
	EndGlobalSection
EndGlobal
