
Microsoft Visual Studio Solution File, Format Version 12.00
# Visual Studio Version 16
VisualStudioVersion = 16.0.31624.102
MinimumVisualStudioVersion = 10.0.40219.1
Project("{FAE04EC0-301F-11D3-BF4B-00C04F79EFBC}") = "Урок 78", "Урок 78\Урок 78.csproj", "{549FDA06-5826-4E20-A2FC-1767F147F5CE}"
EndProject
Global
	GlobalSection(SolutionConfigurationPlatforms) = preSolution
		Debug|Any CPU = Debug|Any CPU
		Release|Any CPU = Release|Any CPU
	EndGlobalSection
	GlobalSection(ProjectConfigurationPlatforms) = postSolution
		{549FDA06-5826-4E20-A2FC-1767F147F5CE}.Debug|Any CPU.ActiveCfg = Debug|Any CPU
		{549FDA06-5826-4E20-A2FC-1767F147F5CE}.Debug|Any CPU.Build.0 = Debug|Any CPU
		{549FDA06-5826-4E20-A2FC-1767F147F5CE}.Release|Any CPU.ActiveCfg = Release|Any CPU
		{549FDA06-5826-4E20-A2FC-1767F147F5CE}.Release|Any CPU.Build.0 = Release|Any CPU
	EndGlobalSection
	GlobalSection(SolutionProperties) = preSolution
		HideSolutionNode = FALSE
	EndGlobalSection
	GlobalSection(ExtensibilityGlobals) = postSolution
		SolutionGuid = {79466C4B-6365-434B-BA6E-D8D5E5152C27}
	EndGlobalSection
EndGlobal
