
Microsoft Visual Studio Solution File, Format Version 12.00
# Visual Studio Version 16
VisualStudioVersion = 16.0.31624.102
MinimumVisualStudioVersion = 10.0.40219.1
Project("{FAE04EC0-301F-11D3-BF4B-00C04F79EFBC}") = "Урок 14", "Урок 14\Урок 14.csproj", "{BB58F78E-72E0-46FC-8964-1848614328A2}"
EndProject
Global
	GlobalSection(SolutionConfigurationPlatforms) = preSolution
		Debug|Any CPU = Debug|Any CPU
		Release|Any CPU = Release|Any CPU
	EndGlobalSection
	GlobalSection(ProjectConfigurationPlatforms) = postSolution
		{BB58F78E-72E0-46FC-8964-1848614328A2}.Debug|Any CPU.ActiveCfg = Debug|Any CPU
		{BB58F78E-72E0-46FC-8964-1848614328A2}.Debug|Any CPU.Build.0 = Debug|Any CPU
		{BB58F78E-72E0-46FC-8964-1848614328A2}.Release|Any CPU.ActiveCfg = Release|Any CPU
		{BB58F78E-72E0-46FC-8964-1848614328A2}.Release|Any CPU.Build.0 = Release|Any CPU
	EndGlobalSection
	GlobalSection(SolutionProperties) = preSolution
		HideSolutionNode = FALSE
	EndGlobalSection
	GlobalSection(ExtensibilityGlobals) = postSolution
		SolutionGuid = {FFD7BF92-9C65-4696-BCA3-91B7AE65B0D1}
	EndGlobalSection
EndGlobal
