
Microsoft Visual Studio Solution File, Format Version 12.00
# Visual Studio Version 16
VisualStudioVersion = 16.0.31624.102
MinimumVisualStudioVersion = 10.0.40219.1
Project("{FAE04EC0-301F-11D3-BF4B-00C04F79EFBC}") = "Урок 15", "Урок 15\Урок 15.csproj", "{7C0DD42C-3C3B-4BDE-B9C9-70DB22BC4123}"
EndProject
Global
	GlobalSection(SolutionConfigurationPlatforms) = preSolution
		Debug|Any CPU = Debug|Any CPU
		Release|Any CPU = Release|Any CPU
	EndGlobalSection
	GlobalSection(ProjectConfigurationPlatforms) = postSolution
		{7C0DD42C-3C3B-4BDE-B9C9-70DB22BC4123}.Debug|Any CPU.ActiveCfg = Debug|Any CPU
		{7C0DD42C-3C3B-4BDE-B9C9-70DB22BC4123}.Debug|Any CPU.Build.0 = Debug|Any CPU
		{7C0DD42C-3C3B-4BDE-B9C9-70DB22BC4123}.Release|Any CPU.ActiveCfg = Release|Any CPU
		{7C0DD42C-3C3B-4BDE-B9C9-70DB22BC4123}.Release|Any CPU.Build.0 = Release|Any CPU
	EndGlobalSection
	GlobalSection(SolutionProperties) = preSolution
		HideSolutionNode = FALSE
	EndGlobalSection
	GlobalSection(ExtensibilityGlobals) = postSolution
		SolutionGuid = {014A2299-451E-4DB7-92E0-AF66BB83DAE7}
	EndGlobalSection
EndGlobal
