
Microsoft Visual Studio Solution File, Format Version 12.00
# Visual Studio Version 16
VisualStudioVersion = 16.0.31624.102
MinimumVisualStudioVersion = 10.0.40219.1
Project("{FAE04EC0-301F-11D3-BF4B-00C04F79EFBC}") = "Урок 31", "Урок 31\Урок 31.csproj", "{AEE0E40E-1A16-4FFC-BF94-142D99943C78}"
EndProject
Project("{FAE04EC0-301F-11D3-BF4B-00C04F79EFBC}") = "Урок 30", "..\Урок 30\Урок 30\Урок 30.csproj", "{CF524ACA-51D7-4B05-BCBE-115B353510FC}"
EndProject
Project("{FAE04EC0-301F-11D3-BF4B-00C04F79EFBC}") = "Урок 32", "Урок 32\Урок 32.csproj", "{54FC2C84-E967-4292-83C7-368022A7BDF3}"
EndProject
Project("{FAE04EC0-301F-11D3-BF4B-00C04F79EFBC}") = "Урок 33", "Урок 33\Урок 33.csproj", "{9BCF56AC-CD0D-4780-A960-A4383BC05C5A}"
EndProject
Global
	GlobalSection(SolutionConfigurationPlatforms) = preSolution
		Debug|Any CPU = Debug|Any CPU
		Release|Any CPU = Release|Any CPU
	EndGlobalSection
	GlobalSection(ProjectConfigurationPlatforms) = postSolution
		{AEE0E40E-1A16-4FFC-BF94-142D99943C78}.Debug|Any CPU.ActiveCfg = Debug|Any CPU
		{AEE0E40E-1A16-4FFC-BF94-142D99943C78}.Debug|Any CPU.Build.0 = Debug|Any CPU
		{AEE0E40E-1A16-4FFC-BF94-142D99943C78}.Release|Any CPU.ActiveCfg = Release|Any CPU
		{AEE0E40E-1A16-4FFC-BF94-142D99943C78}.Release|Any CPU.Build.0 = Release|Any CPU
		{CF524ACA-51D7-4B05-BCBE-115B353510FC}.Debug|Any CPU.ActiveCfg = Debug|Any CPU
		{CF524ACA-51D7-4B05-BCBE-115B353510FC}.Debug|Any CPU.Build.0 = Debug|Any CPU
		{CF524ACA-51D7-4B05-BCBE-115B353510FC}.Release|Any CPU.ActiveCfg = Release|Any CPU
		{CF524ACA-51D7-4B05-BCBE-115B353510FC}.Release|Any CPU.Build.0 = Release|Any CPU
		{54FC2C84-E967-4292-83C7-368022A7BDF3}.Debug|Any CPU.ActiveCfg = Debug|Any CPU
		{54FC2C84-E967-4292-83C7-368022A7BDF3}.Debug|Any CPU.Build.0 = Debug|Any CPU
		{54FC2C84-E967-4292-83C7-368022A7BDF3}.Release|Any CPU.ActiveCfg = Release|Any CPU
		{54FC2C84-E967-4292-83C7-368022A7BDF3}.Release|Any CPU.Build.0 = Release|Any CPU
		{9BCF56AC-CD0D-4780-A960-A4383BC05C5A}.Debug|Any CPU.ActiveCfg = Debug|Any CPU
		{9BCF56AC-CD0D-4780-A960-A4383BC05C5A}.Debug|Any CPU.Build.0 = Debug|Any CPU
		{9BCF56AC-CD0D-4780-A960-A4383BC05C5A}.Release|Any CPU.ActiveCfg = Release|Any CPU
		{9BCF56AC-CD0D-4780-A960-A4383BC05C5A}.Release|Any CPU.Build.0 = Release|Any CPU
	EndGlobalSection
	GlobalSection(SolutionProperties) = preSolution
		HideSolutionNode = FALSE
	EndGlobalSection
	GlobalSection(ExtensibilityGlobals) = postSolution
		SolutionGuid = {DBD66871-F068-4586-BA1A-BDB7E3EA9944}
	EndGlobalSection
EndGlobal
