
Microsoft Visual Studio Solution File, Format Version 12.00
# Visual Studio Version 16
VisualStudioVersion = 16.0.31624.102
MinimumVisualStudioVersion = 10.0.40219.1
Project("{FAE04EC0-301F-11D3-BF4B-00C04F79EFBC}") = "Урок 35", "Урок 35\Урок 35.csproj", "{C9F11BEB-6854-4745-B8F9-B37E0ED6B681}"
EndProject
Project("{FAE04EC0-301F-11D3-BF4B-00C04F79EFBC}") = "Уроу 35.2", "Уроу 35.2\Уроу 35.2.csproj", "{76B43552-817F-4CD1-8F5D-F18C892927EE}"
EndProject
Global
	GlobalSection(SolutionConfigurationPlatforms) = preSolution
		Debug|Any CPU = Debug|Any CPU
		Release|Any CPU = Release|Any CPU
	EndGlobalSection
	GlobalSection(ProjectConfigurationPlatforms) = postSolution
		{C9F11BEB-6854-4745-B8F9-B37E0ED6B681}.Debug|Any CPU.ActiveCfg = Debug|Any CPU
		{C9F11BEB-6854-4745-B8F9-B37E0ED6B681}.Debug|Any CPU.Build.0 = Debug|Any CPU
		{C9F11BEB-6854-4745-B8F9-B37E0ED6B681}.Release|Any CPU.ActiveCfg = Release|Any CPU
		{C9F11BEB-6854-4745-B8F9-B37E0ED6B681}.Release|Any CPU.Build.0 = Release|Any CPU
		{76B43552-817F-4CD1-8F5D-F18C892927EE}.Debug|Any CPU.ActiveCfg = Debug|Any CPU
		{76B43552-817F-4CD1-8F5D-F18C892927EE}.Debug|Any CPU.Build.0 = Debug|Any CPU
		{76B43552-817F-4CD1-8F5D-F18C892927EE}.Release|Any CPU.ActiveCfg = Release|Any CPU
		{76B43552-817F-4CD1-8F5D-F18C892927EE}.Release|Any CPU.Build.0 = Release|Any CPU
	EndGlobalSection
	GlobalSection(SolutionProperties) = preSolution
		HideSolutionNode = FALSE
	EndGlobalSection
	GlobalSection(ExtensibilityGlobals) = postSolution
		SolutionGuid = {9F2FD720-A8EF-4F5F-95DF-428E2F54E545}
	EndGlobalSection
EndGlobal
