
Microsoft Visual Studio Solution File, Format Version 12.00
# Visual Studio Version 16
VisualStudioVersion = 16.0.31624.102
MinimumVisualStudioVersion = 10.0.40219.1
Project("{FAE04EC0-301F-11D3-BF4B-00C04F79EFBC}") = "Дз 14", "Дз 14\Дз 14.csproj", "{123FE213-DF3A-4B71-969D-A5292A7FFBAF}"
EndProject
Global
	GlobalSection(SolutionConfigurationPlatforms) = preSolution
		Debug|Any CPU = Debug|Any CPU
		Release|Any CPU = Release|Any CPU
	EndGlobalSection
	GlobalSection(ProjectConfigurationPlatforms) = postSolution
		{123FE213-DF3A-4B71-969D-A5292A7FFBAF}.Debug|Any CPU.ActiveCfg = Debug|Any CPU
		{123FE213-DF3A-4B71-969D-A5292A7FFBAF}.Debug|Any CPU.Build.0 = Debug|Any CPU
		{123FE213-DF3A-4B71-969D-A5292A7FFBAF}.Release|Any CPU.ActiveCfg = Release|Any CPU
		{123FE213-DF3A-4B71-969D-A5292A7FFBAF}.Release|Any CPU.Build.0 = Release|Any CPU
	EndGlobalSection
	GlobalSection(SolutionProperties) = preSolution
		HideSolutionNode = FALSE
	EndGlobalSection
	GlobalSection(ExtensibilityGlobals) = postSolution
		SolutionGuid = {E003D740-FA8D-4335-A9D5-4AF97F9AC49F}
	EndGlobalSection
EndGlobal
