
Microsoft Visual Studio Solution File, Format Version 12.00
# Visual Studio Version 16
VisualStudioVersion = 16.0.31624.102
MinimumVisualStudioVersion = 10.0.40219.1
Project("{FAE04EC0-301F-11D3-BF4B-00C04F79EFBC}") = "Урок 50", "Урок 50\Урок 50.csproj", "{46EECA18-4AC6-40A0-9C89-28ED00E3D75F}"
EndProject
Project("{FAE04EC0-301F-11D3-BF4B-00C04F79EFBC}") = "Урок 50.2", "Урок 50.2\Урок 50.2.csproj", "{94AA6CBA-CC10-4763-AAC1-1E396398E99F}"
EndProject
Global
	GlobalSection(SolutionConfigurationPlatforms) = preSolution
		Debug|Any CPU = Debug|Any CPU
		Release|Any CPU = Release|Any CPU
	EndGlobalSection
	GlobalSection(ProjectConfigurationPlatforms) = postSolution
		{46EECA18-4AC6-40A0-9C89-28ED00E3D75F}.Debug|Any CPU.ActiveCfg = Debug|Any CPU
		{46EECA18-4AC6-40A0-9C89-28ED00E3D75F}.Debug|Any CPU.Build.0 = Debug|Any CPU
		{46EECA18-4AC6-40A0-9C89-28ED00E3D75F}.Release|Any CPU.ActiveCfg = Release|Any CPU
		{46EECA18-4AC6-40A0-9C89-28ED00E3D75F}.Release|Any CPU.Build.0 = Release|Any CPU
		{94AA6CBA-CC10-4763-AAC1-1E396398E99F}.Debug|Any CPU.ActiveCfg = Debug|Any CPU
		{94AA6CBA-CC10-4763-AAC1-1E396398E99F}.Debug|Any CPU.Build.0 = Debug|Any CPU
		{94AA6CBA-CC10-4763-AAC1-1E396398E99F}.Release|Any CPU.ActiveCfg = Release|Any CPU
		{94AA6CBA-CC10-4763-AAC1-1E396398E99F}.Release|Any CPU.Build.0 = Release|Any CPU
	EndGlobalSection
	GlobalSection(SolutionProperties) = preSolution
		HideSolutionNode = FALSE
	EndGlobalSection
	GlobalSection(ExtensibilityGlobals) = postSolution
		SolutionGuid = {C0F78632-4D85-4D4B-ACC6-D185BE90C3AB}
	EndGlobalSection
EndGlobal
