
Microsoft Visual Studio Solution File, Format Version 12.00
# Visual Studio Version 16
VisualStudioVersion = 16.0.31624.102
MinimumVisualStudioVersion = 10.0.40219.1
Project("{FAE04EC0-301F-11D3-BF4B-00C04F79EFBC}") = "Задание 2", "Задание 2\Задание 2.csproj", "{2452AE17-04DD-46C6-BFDB-587C4E991EBC}"
EndProject
Project("{FAE04EC0-301F-11D3-BF4B-00C04F79EFBC}") = "Задание 2.2", "Задание 2.2\Задание 2.2.csproj", "{2744CAFA-6CA1-414C-ACDA-F241FFF0F640}"
EndProject
Global
	GlobalSection(SolutionConfigurationPlatforms) = preSolution
		Debug|Any CPU = Debug|Any CPU
		Release|Any CPU = Release|Any CPU
	EndGlobalSection
	GlobalSection(ProjectConfigurationPlatforms) = postSolution
		{2452AE17-04DD-46C6-BFDB-587C4E991EBC}.Debug|Any CPU.ActiveCfg = Debug|Any CPU
		{2452AE17-04DD-46C6-BFDB-587C4E991EBC}.Debug|Any CPU.Build.0 = Debug|Any CPU
		{2452AE17-04DD-46C6-BFDB-587C4E991EBC}.Release|Any CPU.ActiveCfg = Release|Any CPU
		{2452AE17-04DD-46C6-BFDB-587C4E991EBC}.Release|Any CPU.Build.0 = Release|Any CPU
		{2744CAFA-6CA1-414C-ACDA-F241FFF0F640}.Debug|Any CPU.ActiveCfg = Debug|Any CPU
		{2744CAFA-6CA1-414C-ACDA-F241FFF0F640}.Debug|Any CPU.Build.0 = Debug|Any CPU
		{2744CAFA-6CA1-414C-ACDA-F241FFF0F640}.Release|Any CPU.ActiveCfg = Release|Any CPU
		{2744CAFA-6CA1-414C-ACDA-F241FFF0F640}.Release|Any CPU.Build.0 = Release|Any CPU
	EndGlobalSection
	GlobalSection(SolutionProperties) = preSolution
		HideSolutionNode = FALSE
	EndGlobalSection
	GlobalSection(ExtensibilityGlobals) = postSolution
		SolutionGuid = {22916A11-859C-48E3-B084-666DC2E5475A}
	EndGlobalSection
EndGlobal
