
Microsoft Visual Studio Solution File, Format Version 12.00
# Visual Studio Version 16
VisualStudioVersion = 16.0.31624.102
MinimumVisualStudioVersion = 10.0.40219.1
Project("{FAE04EC0-301F-11D3-BF4B-00C04F79EFBC}") = "Урок 51", "Урок 51\Урок 51.csproj", "{E448213C-176E-479F-AEE9-A3B3517B3810}"
EndProject
Project("{FAE04EC0-301F-11D3-BF4B-00C04F79EFBC}") = "Урок 51.2", "Урок 51.2\Урок 51.2.csproj", "{62C8DBE0-3682-46A6-AFCC-4D0BB7CE957C}"
EndProject
Project("{FAE04EC0-301F-11D3-BF4B-00C04F79EFBC}") = "Урок 51.3", "Урок 51.3\Урок 51.3.csproj", "{5C18D39C-29AA-40AA-9180-C220E2600ECE}"
EndProject
Global
	GlobalSection(SolutionConfigurationPlatforms) = preSolution
		Debug|Any CPU = Debug|Any CPU
		Release|Any CPU = Release|Any CPU
	EndGlobalSection
	GlobalSection(ProjectConfigurationPlatforms) = postSolution
		{E448213C-176E-479F-AEE9-A3B3517B3810}.Debug|Any CPU.ActiveCfg = Debug|Any CPU
		{E448213C-176E-479F-AEE9-A3B3517B3810}.Debug|Any CPU.Build.0 = Debug|Any CPU
		{E448213C-176E-479F-AEE9-A3B3517B3810}.Release|Any CPU.ActiveCfg = Release|Any CPU
		{E448213C-176E-479F-AEE9-A3B3517B3810}.Release|Any CPU.Build.0 = Release|Any CPU
		{62C8DBE0-3682-46A6-AFCC-4D0BB7CE957C}.Debug|Any CPU.ActiveCfg = Debug|Any CPU
		{62C8DBE0-3682-46A6-AFCC-4D0BB7CE957C}.Debug|Any CPU.Build.0 = Debug|Any CPU
		{62C8DBE0-3682-46A6-AFCC-4D0BB7CE957C}.Release|Any CPU.ActiveCfg = Release|Any CPU
		{62C8DBE0-3682-46A6-AFCC-4D0BB7CE957C}.Release|Any CPU.Build.0 = Release|Any CPU
		{5C18D39C-29AA-40AA-9180-C220E2600ECE}.Debug|Any CPU.ActiveCfg = Debug|Any CPU
		{5C18D39C-29AA-40AA-9180-C220E2600ECE}.Debug|Any CPU.Build.0 = Debug|Any CPU
		{5C18D39C-29AA-40AA-9180-C220E2600ECE}.Release|Any CPU.ActiveCfg = Release|Any CPU
		{5C18D39C-29AA-40AA-9180-C220E2600ECE}.Release|Any CPU.Build.0 = Release|Any CPU
	EndGlobalSection
	GlobalSection(SolutionProperties) = preSolution
		HideSolutionNode = FALSE
	EndGlobalSection
	GlobalSection(ExtensibilityGlobals) = postSolution
		SolutionGuid = {23EB5D01-9883-473A-9553-421E7F833588}
	EndGlobalSection
EndGlobal
