
Microsoft Visual Studio Solution File, Format Version 12.00
# Visual Studio Version 16
VisualStudioVersion = 16.0.31624.102
MinimumVisualStudioVersion = 10.0.40219.1
Project("{FAE04EC0-301F-11D3-BF4B-00C04F79EFBC}") = "гг", "гг\гг.csproj", "{3FB5CD4C-C327-45B4-AC9C-D00ADE5BBDB3}"
EndProject
Project("{FAE04EC0-301F-11D3-BF4B-00C04F79EFBC}") = "гг2", "гг2\гг2.csproj", "{4284DB6C-5848-4791-B45F-9C2A2DB72FFD}"
EndProject
Global
	GlobalSection(SolutionConfigurationPlatforms) = preSolution
		Debug|Any CPU = Debug|Any CPU
		Release|Any CPU = Release|Any CPU
	EndGlobalSection
	GlobalSection(ProjectConfigurationPlatforms) = postSolution
		{3FB5CD4C-C327-45B4-AC9C-D00ADE5BBDB3}.Debug|Any CPU.ActiveCfg = Debug|Any CPU
		{3FB5CD4C-C327-45B4-AC9C-D00ADE5BBDB3}.Debug|Any CPU.Build.0 = Debug|Any CPU
		{3FB5CD4C-C327-45B4-AC9C-D00ADE5BBDB3}.Release|Any CPU.ActiveCfg = Release|Any CPU
		{3FB5CD4C-C327-45B4-AC9C-D00ADE5BBDB3}.Release|Any CPU.Build.0 = Release|Any CPU
		{4284DB6C-5848-4791-B45F-9C2A2DB72FFD}.Debug|Any CPU.ActiveCfg = Debug|Any CPU
		{4284DB6C-5848-4791-B45F-9C2A2DB72FFD}.Debug|Any CPU.Build.0 = Debug|Any CPU
		{4284DB6C-5848-4791-B45F-9C2A2DB72FFD}.Release|Any CPU.ActiveCfg = Release|Any CPU
		{4284DB6C-5848-4791-B45F-9C2A2DB72FFD}.Release|Any CPU.Build.0 = Release|Any CPU
	EndGlobalSection
	GlobalSection(SolutionProperties) = preSolution
		HideSolutionNode = FALSE
	EndGlobalSection
	GlobalSection(ExtensibilityGlobals) = postSolution
		SolutionGuid = {280BD983-F9D7-44EA-8DCA-6A629FAA5245}
	EndGlobalSection
EndGlobal
